
Microsoft Visual Studio Solution File, Format Version 12.00
# Visual Studio Version 17
VisualStudioVersion = 17.0.31903.59
MinimumVisualStudioVersion = 10.0.40219.1
Project("{2150E333-8FDC-42A3-9474-1A3956D46DE8}") = "src", "src", "{827E0CD3-B72D-47B6-A68D-7590B98EB39B}"
EndProject
Project("{FAE04EC0-301F-11D3-BF4B-00C04F79EFBC}") = "PluginEngine", "src\PluginEngine\PluginEngine.csproj", "{BC0DDB07-F03F-4B24-81B7-060120ABD874}"
EndProject
Project("{2150E333-8FDC-42A3-9474-1A3956D46DE8}") = "tests", "tests", "{3A7B9E4E-1234-5678-ABCD-012345678901}"
EndProject
Project("{FAE04EC0-301F-11D3-BF4B-00C04F79EFBC}") = "dotnet-plugin-engine.Tests", "tests\dotnet-plugin-engine.Tests\dotnet-plugin-engine.Tests.csproj", "{5F7B8A2E-2345-6789-BCDE-123456789012}"
EndProject
Global
	GlobalSection(SolutionConfigurationPlatforms) = preSolution
		Debug|Any CPU = Debug|Any CPU
		Debug|x64 = Debug|x64
		Debug|x86 = Debug|x86
		Release|Any CPU = Release|Any CPU
		Release|x64 = Release|x64
		Release|x86 = Release|x86
	EndGlobalSection
	GlobalSection(ProjectConfigurationPlatforms) = postSolution
		{BC0DDB07-F03F-4B24-81B7-060120ABD874}.Debug|Any CPU.ActiveCfg = Debug|Any CPU
		{BC0DDB07-F03F-4B24-81B7-060120ABD874}.Debug|Any CPU.Build.0 = Debug|Any CPU
		{BC0DDB07-F03F-4B24-81B7-060120ABD874}.Debug|x64.ActiveCfg = Debug|Any CPU
		{BC0DDB07-F03F-4B24-81B7-060120ABD874}.Debug|x64.Build.0 = Debug|Any CPU
		{BC0DDB07-F03F-4B24-81B7-060120ABD874}.Debug|x86.ActiveCfg = Debug|Any CPU
		{BC0DDB07-F03F-4B24-81B7-060120ABD874}.Debug|x86.Build.0 = Debug|Any CPU
		{BC0DDB07-F03F-4B24-81B7-060120ABD874}.Release|Any CPU.ActiveCfg = Release|Any CPU
		{BC0DDB07-F03F-4B24-81B7-060120ABD874}.Release|Any CPU.Build.0 = Release|Any CPU
		{BC0DDB07-F03F-4B24-81B7-060120ABD874}.Release|x64.ActiveCfg = Release|Any CPU
		{BC0DDB07-F03F-4B24-81B7-060120ABD874}.Release|x64.Build.0 = Release|Any CPU
		{BC0DDB07-F03F-4B24-81B7-060120ABD874}.Release|x86.ActiveCfg = Release|Any CPU
		{BC0DDB07-F03F-4B24-81B7-060120ABD874}.Release|x86.Build.0 = Release|Any CPU
		{5F7B8A2E-2345-6789-BCDE-123456789012}.Debug|Any CPU.ActiveCfg = Debug|Any CPU
		{5F7B8A2E-2345-6789-BCDE-123456789012}.Debug|Any CPU.Build.0 = Debug|Any CPU
		{5F7B8A2E-2345-6789-BCDE-123456789012}.Debug|x64.ActiveCfg = Debug|Any CPU
		{5F7B8A2E-2345-6789-BCDE-123456789012}.Debug|x64.Build.0 = Debug|Any CPU
		{5F7B8A2E-2345-6789-BCDE-123456789012}.Debug|x86.ActiveCfg = Debug|Any CPU
		{5F7B8A2E-2345-6789-BCDE-123456789012}.Debug|x86.Build.0 = Debug|Any CPU
		{5F7B8A2E-2345-6789-BCDE-123456789012}.Release|Any CPU.ActiveCfg = Release|Any CPU
		{5F7B8A2E-2345-6789-BCDE-123456789012}.Release|Any CPU.Build.0 = Release|Any CPU
		{5F7B8A2E-2345-6789-BCDE-123456789012}.Release|x64.ActiveCfg = Release|Any CPU
		{5F7B8A2E-2345-6789-BCDE-123456789012}.Release|x64.Build.0 = Release|Any CPU
		{5F7B8A2E-2345-6789-BCDE-123456789012}.Release|x86.ActiveCfg = Release|Any CPU
		{5F7B8A2E-2345-6789-BCDE-123456789012}.Release|x86.Build.0 = Release|Any CPU
	EndGlobalSection
	GlobalSection(SolutionProperties) = preSolution
		HideSolutionNode = FALSE
	EndGlobalSection
	GlobalSection(NestedProjects) = preSolution
		{BC0DDB07-F03F-4B24-81B7-060120ABD874} = {827E0CD3-B72D-47B6-A68D-7590B98EB39B}
		{5F7B8A2E-2345-6789-BCDE-123456789012} = {3A7B9E4E-1234-5678-ABCD-012345678901}
	EndGlobalSection
EndGlobal
